
Microsoft Visual Studio Solution File, Format Version 12.00
# Visual Studio Version 16
VisualStudioVersion = 16.0.31702.278
MinimumVisualStudioVersion = 10.0.40219.1
Project("{9A19103F-16F7-4668-BE54-9A1E7A4F7556}") = "NgGlobal.DatabaseEntity", "src\NgGlobal.DatabaseEntity\NgGlobal.DatabaseEntity.csproj", "{28D9509C-AC41-40FC-B349-1E16309034B2}"
EndProject
Project("{9A19103F-16F7-4668-BE54-9A1E7A4F7556}") = "NgGlobal.DatabaseModels", "src\NgGlobal.DatabaseModels\NgGlobal.DatabaseModels.csproj", "{A3889D8C-4228-4710-938E-F3F7A01EA694}"
EndProject
Project("{9A19103F-16F7-4668-BE54-9A1E7A4F7556}") = "NgGlobal.CoreServices", "src\NgGlobal.CoreServices\NgGlobal.CoreServices.csproj", "{E7C37160-56F6-4B77-B933-DAE87CE6A4FE}"
EndProject
Project("{9A19103F-16F7-4668-BE54-9A1E7A4F7556}") = "NgGlobal.ApplicationShared", "src\NgGlobal.ApplicationShared\NgGlobal.ApplicationShared.csproj", "{18D2FEC3-027B-4BED-93F5-40FFA39FA3FF}"
EndProject
Project("{9A19103F-16F7-4668-BE54-9A1E7A4F7556}") = "NgGlobal.ApplicationServices", "src\NgGlobal.ApplicationServices\NgGlobal.ApplicationServices.csproj", "{C389B583-5692-4D73-A2A3-66A9891FFD6F}"
EndProject
Project("{FAE04EC0-301F-11D3-BF4B-00C04F79EFBC}") = "NgGlobal.WebApi", "src\NgGlobal.WebApi\NgGlobal.WebApi.csproj", "{3D794104-0B91-4EF8-A28D-E3390B336E81}"
EndProject
Global
	GlobalSection(SolutionConfigurationPlatforms) = preSolution
		Debug|Any CPU = Debug|Any CPU
		Release|Any CPU = Release|Any CPU
	EndGlobalSection
	GlobalSection(ProjectConfigurationPlatforms) = postSolution
		{28D9509C-AC41-40FC-B349-1E16309034B2}.Debug|Any CPU.ActiveCfg = Debug|Any CPU
		{28D9509C-AC41-40FC-B349-1E16309034B2}.Debug|Any CPU.Build.0 = Debug|Any CPU
		{28D9509C-AC41-40FC-B349-1E16309034B2}.Release|Any CPU.ActiveCfg = Release|Any CPU
		{28D9509C-AC41-40FC-B349-1E16309034B2}.Release|Any CPU.Build.0 = Release|Any CPU
		{A3889D8C-4228-4710-938E-F3F7A01EA694}.Debug|Any CPU.ActiveCfg = Debug|Any CPU
		{A3889D8C-4228-4710-938E-F3F7A01EA694}.Debug|Any CPU.Build.0 = Debug|Any CPU
		{A3889D8C-4228-4710-938E-F3F7A01EA694}.Release|Any CPU.ActiveCfg = Release|Any CPU
		{A3889D8C-4228-4710-938E-F3F7A01EA694}.Release|Any CPU.Build.0 = Release|Any CPU
		{E7C37160-56F6-4B77-B933-DAE87CE6A4FE}.Debug|Any CPU.ActiveCfg = Debug|Any CPU
		{E7C37160-56F6-4B77-B933-DAE87CE6A4FE}.Debug|Any CPU.Build.0 = Debug|Any CPU
		{E7C37160-56F6-4B77-B933-DAE87CE6A4FE}.Release|Any CPU.ActiveCfg = Release|Any CPU
		{E7C37160-56F6-4B77-B933-DAE87CE6A4FE}.Release|Any CPU.Build.0 = Release|Any CPU
		{18D2FEC3-027B-4BED-93F5-40FFA39FA3FF}.Debug|Any CPU.ActiveCfg = Debug|Any CPU
		{18D2FEC3-027B-4BED-93F5-40FFA39FA3FF}.Debug|Any CPU.Build.0 = Debug|Any CPU
		{18D2FEC3-027B-4BED-93F5-40FFA39FA3FF}.Release|Any CPU.ActiveCfg = Release|Any CPU
		{18D2FEC3-027B-4BED-93F5-40FFA39FA3FF}.Release|Any CPU.Build.0 = Release|Any CPU
		{C389B583-5692-4D73-A2A3-66A9891FFD6F}.Debug|Any CPU.ActiveCfg = Debug|Any CPU
		{C389B583-5692-4D73-A2A3-66A9891FFD6F}.Debug|Any CPU.Build.0 = Debug|Any CPU
		{C389B583-5692-4D73-A2A3-66A9891FFD6F}.Release|Any CPU.ActiveCfg = Release|Any CPU
		{C389B583-5692-4D73-A2A3-66A9891FFD6F}.Release|Any CPU.Build.0 = Release|Any CPU
		{3D794104-0B91-4EF8-A28D-E3390B336E81}.Debug|Any CPU.ActiveCfg = Debug|Any CPU
		{3D794104-0B91-4EF8-A28D-E3390B336E81}.Debug|Any CPU.Build.0 = Debug|Any CPU
		{3D794104-0B91-4EF8-A28D-E3390B336E81}.Release|Any CPU.ActiveCfg = Release|Any CPU
		{3D794104-0B91-4EF8-A28D-E3390B336E81}.Release|Any CPU.Build.0 = Release|Any CPU
	EndGlobalSection
	GlobalSection(SolutionProperties) = preSolution
		HideSolutionNode = FALSE
	EndGlobalSection
	GlobalSection(ExtensibilityGlobals) = postSolution
		SolutionGuid = {2DF6D7BF-C624-4930-8DF0-1CDB884717E8}
	EndGlobalSection
EndGlobal
